PODS:
  - ForecastIO (5.0.0)
  - NVActivityIndicatorView (4.2.1):
    - NVActivityIndicatorView/Presenter (= 4.2.1)
  - NVActivityIndicatorView/Presenter (4.2.1)
  - SwiftLocation (3.2.3):
    - SwiftyJSON (~> 4.0.0-alpha.1)
  - SwiftyJSON (4.0.0)

DEPENDENCIES:
  - ForecastIO
  - NVActivityIndicatorView
  - SwiftLocation (~> 3.2.3)

SPEC REPOS:
  https://github.com/cocoapods/specs.git:
    - ForecastIO
    - NVActivityIndicatorView
    - SwiftLocation
    - SwiftyJSON

SPEC CHECKSUMS:
  ForecastIO: 013d0110a0977712624973ceb425da1936b02acf
  NVActivityIndicatorView: 8068ba3ad39cb44cbaab25d89ff2546b3f092681
  SwiftLocation: a3c3bc2023118171ef3572188a31def94aa0892c
  SwiftyJSON: 070dabdcb1beb81b247c65ffa3a79dbbfb3b48aa

PODFILE CHECKSUM: bf3419593b4d76f2c4f1b629bf21d7e862c93d40

COCOAPODS: 1.5.3
